// !$*UTF8*$!
{
	archiveVersion = 1;
	classes = {
	};
	objectVersion = 50;
	objects = {

/* Begin PBXBuildFile section */
		7F650AF523A76AA70086F22B /* PersonDetailsTableViewCell.m in Sources */ = {isa = PBXBuildFile; fileRef = 7F650AF423A76AA70086F22B /* PersonDetailsTableViewCell.m */; };
		7F650AFB23A8AD900086F22B /* PersonSearchTableViewController.m in Sources */ = {isa = PBXBuildFile; fileRef = 7F650AFA23A8AD900086F22B /* PersonSearchTableViewController.m */; };
		7F97449C239F42C20058D80A /* Assets.xcassets in Resources */ = {isa = PBXBuildFile; fileRef = 7F97449B239F42C20058D80A /* Assets.xcassets */; };
		7F9744AC239F42C20058D80A /* JHContactTrueTests.m in Sources */ = {isa = PBXBuildFile; fileRef = 7F9744AB239F42C20058D80A /* JHContactTrueTests.m */; };
		7F9744B7239F42C20058D80A /* JHContactTrueUITests.m in Sources */ = {isa = PBXBuildFile; fileRef = 7F9744B6239F42C20058D80A /* JHContactTrueUITests.m */; };
		94621C11EBACDE3E087C7E55 /* libPods-JHContactTrue.a in Frameworks */ = {isa = PBXBuildFile; fileRef = C848920CCFF6863F7799C0D1 /* libPods-JHContactTrue.a */; };
		B53AA05B6B8722D6856466A3 /* JHPersonModel.m in Sources */ = {isa = PBXBuildFile; fileRef = B53AA83BD88B1345A3AEA5CC /* JHPersonModel.m */; };
		B53AA1D60148FB532920DAF3 /* main.m in Sources */ = {isa = PBXBuildFile; fileRef = B53AA65909EC27A71916A57F /* main.m */; };
		B53AA214684910612624BA66 /* GroupViewController.m in Sources */ = {isa = PBXBuildFile; fileRef = B53AA1708F681835B64A4934 /* GroupViewController.m */; };
		B53AA235038A27BA746B6DEA /* PersonViewController.m in Sources */ = {isa = PBXBuildFile; fileRef = B53AA3A633D9E6AFE4C8333F /* PersonViewController.m */; };
		B53AA40F3A381F098089D773 /* CollectionsViewController.m in Sources */ = {isa = PBXBuildFile; fileRef = B53AA487FA7432E3E801FC4D /* CollectionsViewController.m */; };
		B53AA88F293CC420DCBF7395 /* ChineseToPinyin.m in Sources */ = {isa = PBXBuildFile; fileRef = B53AA381D240B3DE551E021E /* ChineseToPinyin.m */; };
		B53AA9831C11810B8B1BE6F9 /* LaunchScreen.storyboard in Resources */ = {isa = PBXBuildFile; fileRef = B53AA98FE12ACF035F64B50F /* LaunchScreen.storyboard */; };
		B53AA98CF3C21700B24905C3 /* JHContactManager.m in Sources */ = {isa = PBXBuildFile; fileRef = B53AA709F1C82100A03B925D /* JHContactManager.m */; };
		B53AAC230520DAD07C08CAC6 /* PhoneViewController.m in Sources */ = {isa = PBXBuildFile; fileRef = B53AA7B3655D05E4490916BA /* PhoneViewController.m */; };
		B53AAD83F896A23B2DE3FC1A /* SceneDelegate.m in Sources */ = {isa = PBXBuildFile; fileRef = B53AA7A6D57C67206A69A318 /* SceneDelegate.m */; };
		B53AAD9D0C7B2DC22452AE53 /* AppDelegate.m in Sources */ = {isa = PBXBuildFile; fileRef = B53AAF6FEE13E7AC347614BE /* AppDelegate.m */; };
		B53AAF653EFB264EBC70EFDA /* JHTableViewCell.m in Sources */ = {isa = PBXBuildFile; fileRef = B53AAA4E94989C4FEE3B8C5C /* JHTableViewCell.m */; };
		B53AAF9877ED23092431E8FB /* PersonDetailsViewController.m in Sources */ = {isa = PBXBuildFile; fileRef = B53AA6730E79002943E22709 /* PersonDetailsViewController.m */; };
/* End PBXBuildFile section */

/* Begin PBXContainerItemProxy section */
		7F9744A8239F42C20058D80A /* PBXContainerItemProxy */ = {
			isa = PBXContainerItemProxy;
			containerPortal = 7F974484239F42C00058D80A /* Project object */;
			proxyType = 1;
			remoteGlobalIDString = 7F97448B239F42C00058D80A;
			remoteInfo = JHContactTrue;
		};
		7F9744B3239F42C20058D80A /* PBXContainerItemProxy */ = {
			isa = PBXContainerItemProxy;
			containerPortal = 7F974484239F42C00058D80A /* Project object */;
			proxyType = 1;
			remoteGlobalIDString = 7F97448B239F42C00058D80A;
			remoteInfo = JHContactTrue;
		};
/* End PBXContainerItemProxy section */

/* Begin PBXFileReference section */
		7F650AF323A76AA70086F22B /* PersonDetailsTableViewCell.h */ = {isa = PBXFileReference; lastKnownFileType = sourcecode.c.h; path = PersonDetailsTableViewCell.h; sourceTree = "<group>"; };
		7F650AF423A76AA70086F22B /* PersonDetailsTableViewCell.m */ = {isa = PBXFileReference; lastKnownFileType = sourcecode.c.objc; path = PersonDetailsTableViewCell.m; sourceTree = "<group>"; };
		7F650AF923A8AD900086F22B /* PersonSearchTableViewController.h */ = {isa = PBXFileReference; lastKnownFileType = sourcecode.c.h; path = PersonSearchTableViewController.h; sourceTree = "<group>"; };
		7F650AFA23A8AD900086F22B /* PersonSearchTableViewController.m */ = {isa = PBXFileReference; lastKnownFileType = sourcecode.c.objc; path = PersonSearchTableViewController.m; sourceTree = "<group>"; };
		7F97448C239F42C00058D80A /* JHContactTrue.app */ = {isa = PBXFileReference; explicitFileType = wrapper.application; includeInIndex = 0; path = JHContactTrue.app; sourceTree = BUILT_PRODUCTS_DIR; };
		7F97449B239F42C20058D80A /* Assets.xcassets */ = {isa = PBXFileReference; lastKnownFileType = folder.assetcatalog; path = Assets.xcassets; sourceTree = "<group>"; };
		7F9744A7239F42C20058D80A /* JHContactTrueTests.xctest */ = {isa = PBXFileReference; explicitFileType = wrapper.cfbundle; includeInIndex = 0; path = JHContactTrueTests.xctest; sourceTree = BUILT_PRODUCTS_DIR; };
		7F9744AB239F42C20058D80A /* JHContactTrueTests.m */ = {isa = PBXFileReference; lastKnownFileType = sourcecode.c.objc; path = JHContactTrueTests.m; sourceTree = "<group>"; };
		7F9744AD239F42C20058D80A /* Info.plist */ = {isa = PBXFileReference; lastKnownFileType = text.plist.xml; path = Info.plist; sourceTree = "<group>"; };
		7F9744B2239F42C20058D80A /* JHContactTrueUITests.xctest */ = {isa = PBXFileReference; explicitFileType = wrapper.cfbundle; includeInIndex = 0; path = JHContactTrueUITests.xctest; sourceTree = BUILT_PRODUCTS_DIR; };
		7F9744B6239F42C20058D80A /* JHContactTrueUITests.m */ = {isa = PBXFileReference; lastKnownFileType = sourcecode.c.objc; path = JHContactTrueUITests.m; sourceTree = "<group>"; };
		7F9744B8239F42C20058D80A /* Info.plist */ = {isa = PBXFileReference; lastKnownFileType = text.plist.xml; path = Info.plist; sourceTree = "<group>"; };
		A53931A242E2B3304760B2B9 /* Pods-JHContactTrue.release.xcconfig */ = {isa = PBXFileReference; includeInIndex = 1; lastKnownFileType = text.xcconfig; name = "Pods-JHContactTrue.release.xcconfig"; path = "Target Support Files/Pods-JHContactTrue/Pods-JHContactTrue.release.xcconfig"; sourceTree = "<group>"; };
		B53AA142C60833C7F0853C0C /* PersonViewController.h */ = {isa = PBXFileReference; fileEncoding = 4; lastKnownFileType = sourcecode.c.h; path = PersonViewController.h; sourceTree = "<group>"; };
		B53AA1708F681835B64A4934 /* GroupViewController.m */ = {isa = PBXFileReference; fileEncoding = 4; lastKnownFileType = sourcecode.c.objc; path = GroupViewController.m; sourceTree = "<group>"; };
		B53AA32354B38B1580060FA6 /* PersonDetailsViewController.h */ = {isa = PBXFileReference; fileEncoding = 4; lastKnownFileType = sourcecode.c.h; path = PersonDetailsViewController.h; sourceTree = "<group>"; };
		B53AA381D240B3DE551E021E /* ChineseToPinyin.m */ = {isa = PBXFileReference; fileEncoding = 4; lastKnownFileType = sourcecode.c.objc; path = ChineseToPinyin.m; sourceTree = "<group>"; };
		B53AA3A633D9E6AFE4C8333F /* PersonViewController.m */ = {isa = PBXFileReference; fileEncoding = 4; lastKnownFileType = sourcecode.c.objc; path = PersonViewController.m; sourceTree = "<group>"; };
		B53AA3AF8629DCE03AF36115 /* PhoneViewController.h */ = {isa = PBXFileReference; fileEncoding = 4; lastKnownFileType = sourcecode.c.h; path = PhoneViewController.h; sourceTree = "<group>"; };
		B53AA487FA7432E3E801FC4D /* CollectionsViewController.m */ = {isa = PBXFileReference; fileEncoding = 4; lastKnownFileType = sourcecode.c.objc; path = CollectionsViewController.m; sourceTree = "<group>"; };
		B53AA52B241E166A3F0B8000 /* AppDelegate.h */ = {isa = PBXFileReference; fileEncoding = 4; lastKnownFileType = sourcecode.c.h; path = AppDelegate.h; sourceTree = "<group>"; };
		B53AA65909EC27A71916A57F /* main.m */ = {isa = PBXFileReference; fileEncoding = 4; lastKnownFileType = sourcecode.c.objc; path = main.m; sourceTree = "<group>"; };
		B53AA6730E79002943E22709 /* PersonDetailsViewController.m */ = {isa = PBXFileReference; fileEncoding = 4; lastKnownFileType = sourcecode.c.objc; path = PersonDetailsViewController.m; sourceTree = "<group>"; };
		B53AA6F9A97AE3EDA41945AD /* GroupViewController.h */ = {isa = PBXFileReference; fileEncoding = 4; lastKnownFileType = sourcecode.c.h; path = GroupViewController.h; sourceTree = "<group>"; };
		B53AA709F1C82100A03B925D /* JHContactManager.m */ = {isa = PBXFileReference; fileEncoding = 4; lastKnownFileType = sourcecode.c.objc; path = JHContactManager.m; sourceTree = "<group>"; };
		B53AA7A6D57C67206A69A318 /* SceneDelegate.m */ = {isa = PBXFileReference; fileEncoding = 4; lastKnownFileType = sourcecode.c.objc; path = SceneDelegate.m; sourceTree = "<group>"; };
		B53AA7B3655D05E4490916BA /* PhoneViewController.m */ = {isa = PBXFileReference; fileEncoding = 4; lastKnownFileType = sourcecode.c.objc; path = PhoneViewController.m; sourceTree = "<group>"; };
		B53AA83BD88B1345A3AEA5CC /* JHPersonModel.m */ = {isa = PBXFileReference; fileEncoding = 4; lastKnownFileType = sourcecode.c.objc; path = JHPersonModel.m; sourceTree = "<group>"; };
		B53AA9545954D9248DE8E9A2 /* JHTableViewCell.h */ = {isa = PBXFileReference; fileEncoding = 4; lastKnownFileType = sourcecode.c.h; path = JHTableViewCell.h; sourceTree = "<group>"; };
		B53AA98FE12ACF035F64B50F /* LaunchScreen.storyboard */ = {isa = PBXFileReference; lastKnownFileType = file.storyboard; path = LaunchScreen.storyboard; sourceTree = "<group>"; };
		B53AAA4E94989C4FEE3B8C5C /* JHTableViewCell.m */ = {isa = PBXFileReference; fileEncoding = 4; lastKnownFileType = sourcecode.c.objc; path = JHTableViewCell.m; sourceTree = "<group>"; };
		B53AAC2CC67129100281B6BD /* ChineseToPinyin.h */ = {isa = PBXFileReference; fileEncoding = 4; lastKnownFileType = sourcecode.c.h; path = ChineseToPinyin.h; sourceTree = "<group>"; };
		B53AAD1975747ED75916041F /* SceneDelegate.h */ = {isa = PBXFileReference; fileEncoding = 4; lastKnownFileType = sourcecode.c.h; path = SceneDelegate.h; sourceTree = "<group>"; };
		B53AAE0BE008B9B98D207E02 /* Info.plist */ = {isa = PBXFileReference; fileEncoding = 4; lastKnownFileType = text.plist.info; path = Info.plist; sourceTree = "<group>"; };
		B53AAE78222BFF239C30F2E9 /* JHPersonModel.h */ = {isa = PBXFileReference; fileEncoding = 4; lastKnownFileType = sourcecode.c.h; path = JHPersonModel.h; sourceTree = "<group>"; };
		B53AAE9D8166628E44096E7E /* JHContactManager.h */ = {isa = PBXFileReference; fileEncoding = 4; lastKnownFileType = sourcecode.c.h; path = JHContactManager.h; sourceTree = "<group>"; };
		B53AAF1ADDB08403339452AB /* CollectionsViewController.h */ = {isa = PBXFileReference; fileEncoding = 4; lastKnownFileType = sourcecode.c.h; path = CollectionsViewController.h; sourceTree = "<group>"; };
		B53AAF6FEE13E7AC347614BE /* AppDelegate.m */ = {isa = PBXFileReference; fileEncoding = 4; lastKnownFileType = sourcecode.c.objc; path = AppDelegate.m; sourceTree = "<group>"; };
		C19EE349640CE2536C09C752 /* Pods-JHContactTrue.debug.xcconfig */ = {isa = PBXFileReference; includeInIndex = 1; lastKnownFileType = text.xcconfig; name = "Pods-JHContactTrue.debug.xcconfig"; path = "Target Support Files/Pods-JHContactTrue/Pods-JHContactTrue.debug.xcconfig"; sourceTree = "<group>"; };
		C848920CCFF6863F7799C0D1 /* libPods-JHContactTrue.a */ = {isa = PBXFileReference; explicitFileType = archive.ar; includeInIndex = 0; path = "libPods-JHContactTrue.a"; sourceTree = BUILT_PRODUCTS_DIR; };
/* End PBXFileReference section */

/* Begin PBXFrameworksBuildPhase section */
		7F974489239F42C00058D80A /* Frameworks */ = {
			isa = PBXFrameworksBuildPhase;
			buildActionMask = 2147483647;
			files = (
				94621C11EBACDE3E087C7E55 /* libPods-JHContactTrue.a in Frameworks */,
			);
			runOnlyForDeploymentPostprocessing = 0;
		};
		7F9744A4239F42C20058D80A /* Frameworks */ = {
			isa = PBXFrameworksBuildPhase;
			buildActionMask = 2147483647;
			files = (
			);
			runOnlyForDeploymentPostprocessing = 0;
		};
		7F9744AF239F42C20058D80A /* Frameworks */ = {
			isa = PBXFrameworksBuildPhase;
			buildActionMask = 2147483647;
			files = (
			);
			runOnlyForDeploymentPostprocessing = 0;
		};
/* End PBXFrameworksBuildPhase section */

/* Begin PBXGroup section */
		7A276E8C410E245F72901471 /* Frameworks */ = {
			isa = PBXGroup;
			children = (
				C848920CCFF6863F7799C0D1 /* libPods-JHContactTrue.a */,
			);
			name = Frameworks;
			sourceTree = "<group>";
		};
		7F974483239F42C00058D80A = {
			isa = PBXGroup;
			children = (
				7F97448E239F42C00058D80A /* JHContactTrue */,
				7F9744AA239F42C20058D80A /* JHContactTrueTests */,
				7F9744B5239F42C20058D80A /* JHContactTrueUITests */,
				7F97448D239F42C00058D80A /* Products */,
				E6FDE0A4D96873B989A00C6F /* Pods */,
				7A276E8C410E245F72901471 /* Frameworks */,
			);
			sourceTree = "<group>";
		};
		7F97448D239F42C00058D80A /* Products */ = {
			isa = PBXGroup;
			children = (
				7F97448C239F42C00058D80A /* JHContactTrue.app */,
				7F9744A7239F42C20058D80A /* JHContactTrueTests.xctest */,
				7F9744B2239F42C20058D80A /* JHContactTrueUITests.xctest */,
			);
			name = Products;
			sourceTree = "<group>";
		};
		7F97448E239F42C00058D80A /* JHContactTrue */ = {
			isa = PBXGroup;
			children = (
				7F97449B239F42C20058D80A /* Assets.xcassets */,
				B53AAE3C3D8642DC154AACF4 /* PersonModel */,
				B53AA23814EF87D6AE141065 /* Phone */,
				B53AAC0058AF01F8327CB21E /* Person */,
				B53AA8E9138A685660FCFD1B /* Group */,
				B53AA68BA5BF800B78DF424A /* Collections */,
				B53AA1976FB55F96486AB5A1 /* Common */,
				B53AA322071A1593666D35DF /* Support */,
				B53AAE0BE008B9B98D207E02 /* Info.plist */,
				B53AABC80E5D0D24C5D1A8C1 /* PinYin */,
			);
			path = JHContactTrue;
			sourceTree = "<group>";
		};
		7F9744AA239F42C20058D80A /* JHContactTrueTests */ = {
			isa = PBXGroup;
			children = (
				7F9744AB239F42C20058D80A /* JHContactTrueTests.m */,
				7F9744AD239F42C20058D80A /* Info.plist */,
			);
			path = JHContactTrueTests;
			sourceTree = "<group>";
		};
		7F9744B5239F42C20058D80A /* JHContactTrueUITests */ = {
			isa = PBXGroup;
			children = (
				7F9744B6239F42C20058D80A /* JHContactTrueUITests.m */,
				7F9744B8239F42C20058D80A /* Info.plist */,
			);
			path = JHContactTrueUITests;
			sourceTree = "<group>";
		};
		B53AA1976FB55F96486AB5A1 /* Common */ = {
			isa = PBXGroup;
			children = (
				B53AAA4E94989C4FEE3B8C5C /* JHTableViewCell.m */,
				B53AA9545954D9248DE8E9A2 /* JHTableViewCell.h */,
			);
			path = Common;
			sourceTree = "<group>";
		};
		B53AA23814EF87D6AE141065 /* Phone */ = {
			isa = PBXGroup;
			children = (
				B53AA7B3655D05E4490916BA /* PhoneViewController.m */,
				B53AA3AF8629DCE03AF36115 /* PhoneViewController.h */,
			);
			path = Phone;
			sourceTree = "<group>";
		};
		B53AA322071A1593666D35DF /* Support */ = {
			isa = PBXGroup;
			children = (
				B53AA52B241E166A3F0B8000 /* AppDelegate.h */,
				B53AA98FE12ACF035F64B50F /* LaunchScreen.storyboard */,
				B53AAF6FEE13E7AC347614BE /* AppDelegate.m */,
				B53AA65909EC27A71916A57F /* main.m */,
				B53AAD1975747ED75916041F /* SceneDelegate.h */,
				B53AA7A6D57C67206A69A318 /* SceneDelegate.m */,
			);
			path = Support;
			sourceTree = "<group>";
		};
		B53AA68BA5BF800B78DF424A /* Collections */ = {
			isa = PBXGroup;
			children = (
				B53AAF1ADDB08403339452AB /* CollectionsViewController.h */,
				B53AA487FA7432E3E801FC4D /* CollectionsViewController.m */,
			);
			path = Collections;
			sourceTree = "<group>";
		};
		B53AA8E9138A685660FCFD1B /* Group */ = {
			isa = PBXGroup;
			children = (
				B53AA1708F681835B64A4934 /* GroupViewController.m */,
				B53AA6F9A97AE3EDA41945AD /* GroupViewController.h */,
			);
			path = Group;
			sourceTree = "<group>";
		};
		B53AABC80E5D0D24C5D1A8C1 /* PinYin */ = {
			isa = PBXGroup;
			children = (
				B53AAC2CC67129100281B6BD /* ChineseToPinyin.h */,
				B53AA381D240B3DE551E021E /* ChineseToPinyin.m */,
			);
			path = PinYin;
			sourceTree = "<group>";
		};
		B53AAC0058AF01F8327CB21E /* Person */ = {
			isa = PBXGroup;
			children = (
				B53AA32354B38B1580060FA6 /* PersonDetailsViewController.h */,
				B53AA6730E79002943E22709 /* PersonDetailsViewController.m */,
				B53AA3A633D9E6AFE4C8333F /* PersonViewController.m */,
				B53AA142C60833C7F0853C0C /* PersonViewController.h */,
				7F650AF323A76AA70086F22B /* PersonDetailsTableViewCell.h */,
				7F650AF423A76AA70086F22B /* PersonDetailsTableViewCell.m */,
				7F650AF923A8AD900086F22B /* PersonSearchTableViewController.h */,
				7F650AFA23A8AD900086F22B /* PersonSearchTableViewController.m */,
			);
			path = Person;
			sourceTree = "<group>";
		};
		B53AAE3C3D8642DC154AACF4 /* PersonModel */ = {
			isa = PBXGroup;
			children = (
				B53AA83BD88B1345A3AEA5CC /* JHPersonModel.m */,
				B53AAE78222BFF239C30F2E9 /* JHPersonModel.h */,
				B53AA709F1C82100A03B925D /* JHContactManager.m */,
				B53AAE9D8166628E44096E7E /* JHContactManager.h */,
			);
			path = PersonModel;
			sourceTree = "<group>";
		};
		E6FDE0A4D96873B989A00C6F /* Pods */ = {
			isa = PBXGroup;
			children = (
				C19EE349640CE2536C09C752 /* Pods-JHContactTrue.debug.xcconfig */,
				A53931A242E2B3304760B2B9 /* Pods-JHContactTrue.release.xcconfig */,
			);
			name = Pods;
			path = Pods;
			sourceTree = "<group>";
		};
/* End PBXGroup section */

/* Begin PBXNativeTarget section */
		7F97448B239F42C00058D80A /* JHContactTrue */ = {
			isa = PBXNativeTarget;
			buildConfigurationList = 7F9744BB239F42C20058D80A /* Build configuration list for PBXNativeTarget "JHContactTrue" */;
			buildPhases = (
				4028B79492853EFCEED80A18 /* [CP] Check Pods Manifest.lock */,
				7F974488239F42C00058D80A /* Sources */,
				7F974489239F42C00058D80A /* Frameworks */,
				7F97448A239F42C00058D80A /* Resources */,
			);
			buildRules = (
			);
			dependencies = (
			);
			name = JHContactTrue;
			productName = JHContactTrue;
			productReference = 7F97448C239F42C00058D80A /* JHContactTrue.app */;
			productType = "com.apple.product-type.application";
		};
		7F9744A6239F42C20058D80A /* JHContactTrueTests */ = {
			isa = PBXNativeTarget;
			buildConfigurationList = 7F9744BE239F42C20058D80A /* Build configuration list for PBXNativeTarget "JHContactTrueTests" */;
			buildPhases = (
				7F9744A3239F42C20058D80A /* Sources */,
				7F9744A4239F42C20058D80A /* Frameworks */,
				7F9744A5239F42C20058D80A /* Resources */,
			);
			buildRules = (
			);
			dependencies = (
				7F9744A9239F42C20058D80A /* PBXTargetDependency */,
			);
			name = JHContactTrueTests;
			productName = JHContactTrueTests;
			productReference = 7F9744A7239F42C20058D80A /* JHContactTrueTests.xctest */;
			productType = "com.apple.product-type.bundle.unit-test";
		};
		7F9744B1239F42C20058D80A /* JHContactTrueUITests */ = {
			isa = PBXNativeTarget;
			buildConfigurationList = 7F9744C1239F42C20058D80A /* Build configuration list for PBXNativeTarget "JHContactTrueUITests" */;
			buildPhases = (
				7F9744AE239F42C20058D80A /* Sources */,
				7F9744AF239F42C20058D80A /* Frameworks */,
				7F9744B0239F42C20058D80A /* Resources */,
			);
			buildRules = (
			);
			dependencies = (
				7F9744B4239F42C20058D80A /* PBXTargetDependency */,
			);
			name = JHContactTrueUITests;
			productName = JHContactTrueUITests;
			productReference = 7F9744B2239F42C20058D80A /* JHContactTrueUITests.xctest */;
			productType = "com.apple.product-type.bundle.ui-testing";
		};
/* End PBXNativeTarget section */

/* Begin PBXProject section */
		7F974484239F42C00058D80A /* Project object */ = {
			isa = PBXProject;
			attributes = {
				LastUpgradeCheck = 1120;
				ORGANIZATIONNAME = junhuai;
				TargetAttributes = {
					7F97448B239F42C00058D80A = {
						CreatedOnToolsVersion = 11.2.1;
					};
					7F9744A6239F42C20058D80A = {
						CreatedOnToolsVersion = 11.2.1;
						TestTargetID = 7F97448B239F42C00058D80A;
					};
					7F9744B1239F42C20058D80A = {
						CreatedOnToolsVersion = 11.2.1;
						TestTargetID = 7F97448B239F42C00058D80A;
					};
				};
			};
			buildConfigurationList = 7F974487239F42C00058D80A /* Build configuration list for PBXProject "JHContactTrue" */;
			compatibilityVersion = "Xcode 9.3";
			developmentRegion = en;
			hasScannedForEncodings = 0;
			knownRegions = (
				en,
				Base,
			);
			mainGroup = 7F974483239F42C00058D80A;
			productRefGroup = 7F97448D239F42C00058D80A /* Products */;
			projectDirPath = "";
			projectRoot = "";
			targets = (
				7F97448B239F42C00058D80A /* JHContactTrue */,
				7F9744A6239F42C20058D80A /* JHContactTrueTests */,
				7F9744B1239F42C20058D80A /* JHContactTrueUITests */,
			);
		};
/* End PBXProject section */

/* Begin PBXResourcesBuildPhase section */
		7F97448A239F42C00058D80A /* Resources */ = {
			isa = PBXResourcesBuildPhase;
			buildActionMask = 2147483647;
			files = (
				7F97449C239F42C20058D80A /* Assets.xcassets in Resources */,
				B53AA9831C11810B8B1BE6F9 /* LaunchScreen.storyboard in Resources */,
			);
			runOnlyForDeploymentPostprocessing = 0;
		};
		7F9744A5239F42C20058D80A /* Resources */ = {
			isa = PBXResourcesBuildPhase;
			buildActionMask = 2147483647;
			files = (
			);
			runOnlyForDeploymentPostprocessing = 0;
		};
		7F9744B0239F42C20058D80A /* Resources */ = {
			isa = PBXResourcesBuildPhase;
			buildActionMask = 2147483647;
			files = (
			);
			runOnlyForDeploymentPostprocessing = 0;
		};
/* End PBXResourcesBuildPhase section */

/* Begin PBXShellScriptBuildPhase section */
		4028B79492853EFCEED80A18 /* [CP] Check Pods Manifest.lock */ = {
			isa = PBXShellScriptBuildPhase;
			buildActionMask = 2147483647;
			files = (
			);
			inputFileListPaths = (
			);
			inputPaths = (
				"${PODS_PODFILE_DIR_PATH}/Podfile.lock",
				"${PODS_ROOT}/Manifest.lock",
			);
			name = "[CP] Check Pods Manifest.lock";
			outputFileListPaths = (
			);
			outputPaths = (
				"$(DERIVED_FILE_DIR)/Pods-JHContactTrue-checkManifestLockResult.txt",
			);
			runOnlyForDeploymentPostprocessing = 0;
			shellPath = /bin/sh;
			shellScript = "diff \"${PODS_PODFILE_DIR_PATH}/Podfile.lock\" \"${PODS_ROOT}/Manifest.lock\" > /dev/null\nif [ $? != 0 ] ; then\n    # print error to STDERR\n    echo \"error: The sandbox is not in sync with the Podfile.lock. Run 'pod install' or update your CocoaPods installation.\" >&2\n    exit 1\nfi\n# This output is used by Xcode 'outputs' to avoid re-running this script phase.\necho \"SUCCESS\" > \"${SCRIPT_OUTPUT_FILE_0}\"\n";
			showEnvVarsInLog = 0;
		};
/* End PBXShellScriptBuildPhase section */

/* Begin PBXSourcesBuildPhase section */
		7F974488239F42C00058D80A /* Sources */ = {
			isa = PBXSourcesBuildPhase;
			buildActionMask = 2147483647;
			files = (
				B53AA05B6B8722D6856466A3 /* JHPersonModel.m in Sources */,
				B53AA98CF3C21700B24905C3 /* JHContactManager.m in Sources */,
				B53AA40F3A381F098089D773 /* CollectionsViewController.m in Sources */,
				B53AA214684910612624BA66 /* GroupViewController.m in Sources */,
				B53AAF9877ED23092431E8FB /* PersonDetailsViewController.m in Sources */,
				B53AA235038A27BA746B6DEA /* PersonViewController.m in Sources */,
				B53AAC230520DAD07C08CAC6 /* PhoneViewController.m in Sources */,
				7F650AFB23A8AD900086F22B /* PersonSearchTableViewController.m in Sources */,
				B53AAF653EFB264EBC70EFDA /* JHTableViewCell.m in Sources */,
				B53AAD9D0C7B2DC22452AE53 /* AppDelegate.m in Sources */,
				B53AA1D60148FB532920DAF3 /* main.m in Sources */,
				B53AAD83F896A23B2DE3FC1A /* SceneDelegate.m in Sources */,
				7F650AF523A76AA70086F22B /* PersonDetailsTableViewCell.m in Sources */,
				B53AA88F293CC420DCBF7395 /* ChineseToPinyin.m in Sources */,
			);
			runOnlyForDeploymentPostprocessing = 0;
		};
		7F9744A3239F42C20058D80A /* Sources */ = {
			isa = PBXSourcesBuildPhase;
			buildActionMask = 2147483647;
			files = (
				7F9744AC239F42C20058D80A /* JHContactTrueTests.m in Sources */,
			);
			runOnlyForDeploymentPostprocessing = 0;
		};
		7F9744AE239F42C20058D80A /* Sources */ = {
			isa = PBXSourcesBuildPhase;
			buildActionMask = 2147483647;
			files = (
				7F9744B7239F42C20058D80A /* JHContactTrueUITests.m in Sources */,
			);
			runOnlyForDeploymentPostprocessing = 0;
		};
/* End PBXSourcesBuildPhase section */

/* Begin PBXTargetDependency section */
		7F9744A9239F42C20058D80A /* PBXTargetDependency */ = {
			isa = PBXTargetDependency;
			target = 7F97448B239F42C00058D80A /* JHContactTrue */;
			targetProxy = 7F9744A8239F42C20058D80A /* PBXContainerItemProxy */;
		};
		7F9744B4239F42C20058D80A /* PBXTargetDependency */ = {
			isa = PBXTargetDependency;
			target = 7F97448B239F42C00058D80A /* JHContactTrue */;
			targetProxy = 7F9744B3239F42C20058D80A /* PBXContainerItemProxy */;
		};
/* End PBXTargetDependency section */

/* Begin XCBuildConfiguration section */
		7F9744B9239F42C20058D80A /* Debug */ = {
			isa = XCBuildConfiguration;
			buildSettings = {
				ALWAYS_SEARCH_USER_PATHS = NO;
				CLANG_ANALYZER_NONNULL = YES;
				CLANG_ANALYZER_NUMBER_OBJECT_CONVERSION = YES_AGGRESSIVE;
				CLANG_CXX_LANGUAGE_STANDARD = "gnu++14";
				CLANG_CXX_LIBRARY = "libc++";
				CLANG_ENABLE_MODULES = YES;
				CLANG_ENABLE_OBJC_ARC = YES;
				CLANG_ENABLE_OBJC_WEAK = YES;
				CLANG_WARN_BLOCK_CAPTURE_AUTORELEASING = YES;
				CLANG_WARN_BOOL_CONVERSION = YES;
				CLANG_WARN_COMMA = YES;
				CLANG_WARN_CONSTANT_CONVERSION = YES;
				CLANG_WARN_DEPRECATED_OBJC_IMPLEMENTATIONS = YES;
				CLANG_WARN_DIRECT_OBJC_ISA_USAGE = YES_ERROR;
				CLANG_WARN_DOCUMENTATION_COMMENTS = YES;
				CLANG_WARN_EMPTY_BODY = YES;
				CLANG_WARN_ENUM_CONVERSION = YES;
				CLANG_WARN_INFINITE_RECURSION = YES;
				CLANG_WARN_INT_CONVERSION = YES;
				CLANG_WARN_NON_LITERAL_NULL_CONVERSION = YES;
				CLANG_WARN_OBJC_IMPLICIT_RETAIN_SELF = YES;
				CLANG_WARN_OBJC_LITERAL_CONVERSION = YES;
				CLANG_WARN_OBJC_ROOT_CLASS = YES_ERROR;
				CLANG_WARN_RANGE_LOOP_ANALYSIS = YES;
				CLANG_WARN_STRICT_PROTOTYPES = YES;
				CLANG_WARN_SUSPICIOUS_MOVE = YES;
				CLANG_WARN_UNGUARDED_AVAILABILITY = YES_AGGRESSIVE;
				CLANG_WARN_UNREACHABLE_CODE = YES;
				CLANG_WARN__DUPLICATE_METHOD_MATCH = YES;
				COPY_PHASE_STRIP = NO;
				DEBUG_INFORMATION_FORMAT = dwarf;
				ENABLE_STRICT_OBJC_MSGSEND = YES;
				ENABLE_TESTABILITY = YES;
				GCC_C_LANGUAGE_STANDARD = gnu11;
				GCC_DYNAMIC_NO_PIC = NO;
				GCC_NO_COMMON_BLOCKS = YES;
				GCC_OPTIMIZATION_LEVEL = 0;
				GCC_PREPROCESSOR_DEFINITIONS = (
					"DEBUG=1",
					"$(inherited)",
				);
				GCC_WARN_64_TO_32_BIT_CONVERSION = YES;
				GCC_WARN_ABOUT_RETURN_TYPE = YES_ERROR;
				GCC_WARN_UNDECLARED_SELECTOR = YES;
				GCC_WARN_UNINITIALIZED_AUTOS = YES_AGGRESSIVE;
				GCC_WARN_UNUSED_FUNCTION = YES;
				GCC_WARN_UNUSED_VARIABLE = YES;
				IPHONEOS_DEPLOYMENT_TARGET = 13.2;
				MTL_ENABLE_DEBUG_INFO = INCLUDE_SOURCE;
				MTL_FAST_MATH = YES;
				ONLY_ACTIVE_ARCH = YES;
				SDKROOT = iphoneos;
			};
			name = Debug;
		};
		7F9744BA239F42C20058D80A /* Release */ = {
			isa = XCBuildConfiguration;
			buildSettings = {
				ALWAYS_SEARCH_USER_PATHS = NO;
				CLANG_ANALYZER_NONNULL = YES;
				CLANG_ANALYZER_NUMBER_OBJECT_CONVERSION = YES_AGGRESSIVE;
				CLANG_CXX_LANGUAGE_STANDARD = "gnu++14";
				CLANG_CXX_LIBRARY = "libc++";
				CLANG_ENABLE_MODULES = YES;
				CLANG_ENABLE_OBJC_ARC = YES;
				CLANG_ENABLE_OBJC_WEAK = YES;
				CLANG_WARN_BLOCK_CAPTURE_AUTORELEASING = YES;
				CLANG_WARN_BOOL_CONVERSION = YES;
				CLANG_WARN_COMMA = YES;
				CLANG_WARN_CONSTANT_CONVERSION = YES;
				CLANG_WARN_DEPRECATED_OBJC_IMPLEMENTATIONS = YES;
				CLANG_WARN_DIRECT_OBJC_ISA_USAGE = YES_ERROR;
				CLANG_WARN_DOCUMENTATION_COMMENTS = YES;
				CLANG_WARN_EMPTY_BODY = YES;
				CLANG_WARN_ENUM_CONVERSION = YES;
				CLANG_WARN_INFINITE_RECURSION = YES;
				CLANG_WARN_INT_CONVERSION = YES;
				CLANG_WARN_NON_LITERAL_NULL_CONVERSION = YES;
				CLANG_WARN_OBJC_IMPLICIT_RETAIN_SELF = YES;
				CLANG_WARN_OBJC_LITERAL_CONVERSION = YES;
				CLANG_WARN_OBJC_ROOT_CLASS = YES_ERROR;
				CLANG_WARN_RANGE_LOOP_ANALYSIS = YES;
				CLANG_WARN_STRICT_PROTOTYPES = YES;
				CLANG_WARN_SUSPICIOUS_MOVE = YES;
				CLANG_WARN_UNGUARDED_AVAILABILITY = YES_AGGRESSIVE;
				CLANG_WARN_UNREACHABLE_CODE = YES;
				CLANG_WARN__DUPLICATE_METHOD_MATCH = YES;
				COPY_PHASE_STRIP = NO;
				DEBUG_INFORMATION_FORMAT = "dwarf-with-dsym";
				ENABLE_NS_ASSERTIONS = NO;
				ENABLE_STRICT_OBJC_MSGSEND = YES;
				GCC_C_LANGUAGE_STANDARD = gnu11;
				GCC_NO_COMMON_BLOCKS = YES;
				GCC_WARN_64_TO_32_BIT_CONVERSION = YES;
				GCC_WARN_ABOUT_RETURN_TYPE = YES_ERROR;
				GCC_WARN_UNDECLARED_SELECTOR = YES;
				GCC_WARN_UNINITIALIZED_AUTOS = YES_AGGRESSIVE;
				GCC_WARN_UNUSED_FUNCTION = YES;
				GCC_WARN_UNUSED_VARIABLE = YES;
				IPHONEOS_DEPLOYMENT_TARGET = 13.2;
				MTL_ENABLE_DEBUG_INFO = NO;
				MTL_FAST_MATH = YES;
				SDKROOT = iphoneos;
				VALIDATE_PRODUCT = YES;
			};
			name = Release;
		};
		7F9744BC239F42C20058D80A /* Debug */ = {
			isa = XCBuildConfiguration;
			baseConfigurationReference = C19EE349640CE2536C09C752 /* Pods-JHContactTrue.debug.xcconfig */;
			buildSettings = {
				ASSETCATALOG_COMPILER_APPICON_NAME = AppIcon;
				CODE_SIGN_STYLE = Automatic;
				INFOPLIST_FILE = JHContactTrue/Info.plist;
				LD_RUNPATH_SEARCH_PATHS = (
					"$(inherited)",
					"@executable_path/Frameworks",
				);
				PRODUCT_BUNDLE_IDENTIFIER = com.yjh.JHContactTrue;
				PRODUCT_NAME = "$(TARGET_NAME)";
				TARGETED_DEVICE_FAMILY = "1,2";
			};
			name = Debug;
		};
		7F9744BD239F42C20058D80A /* Release */ = {
			isa = XCBuildConfiguration;
			baseConfigurationReference = A53931A242E2B3304760B2B9 /* Pods-JHContactTrue.release.xcconfig */;
			buildSettings = {
				ASSETCATALOG_COMPILER_APPICON_NAME = AppIcon;
				CODE_SIGN_STYLE = Automatic;
				INFOPLIST_FILE = JHContactTrue/Info.plist;
				LD_RUNPATH_SEARCH_PATHS = (
					"$(inherited)",
					"@executable_path/Frameworks",
				);
				PRODUCT_BUNDLE_IDENTIFIER = com.yjh.JHContactTrue;
				PRODUCT_NAME = "$(TARGET_NAME)";
				TARGETED_DEVICE_FAMILY = "1,2";
			};
			name = Release;
		};
		7F9744BF239F42C20058D80A /* Debug */ = {
			isa = XCBuildConfiguration;
			buildSettings = {
				BUNDLE_LOADER = "$(TEST_HOST)";
				CODE_SIGN_STYLE = Automatic;
				INFOPLIST_FILE = JHContactTrueTests/Info.plist;
				IPHONEOS_DEPLOYMENT_TARGET = 13.2;
				LD_RUNPATH_SEARCH_PATHS = (
					"$(inherited)",
					"@executable_path/Frameworks",
					"@loader_path/Frameworks",
				);
				PRODUCT_BUNDLE_IDENTIFIER = com.yjh.JHContactTrueTests;
				PRODUCT_NAME = "$(TARGET_NAME)";
				TARGETED_DEVICE_FAMILY = "1,2";
				TEST_HOST = "$(BUILT_PRODUCTS_DIR)/JHContactTrue.app/JHContactTrue";
			};
			name = Debug;
		};
		7F9744C0239F42C20058D80A /* Release */ = {
			isa = XCBuildConfiguration;
			buildSettings = {
				BUNDLE_LOADER = "$(TEST_HOST)";
				CODE_SIGN_STYLE = Automatic;
				INFOPLIST_FILE = JHContactTrueTests/Info.plist;
				IPHONEOS_DEPLOYMENT_TARGET = 13.2;
				LD_RUNPATH_SEARCH_PATHS = (
					"$(inherited)",
					"@executable_path/Frameworks",
					"@loader_path/Frameworks",
				);
				PRODUCT_BUNDLE_IDENTIFIER = com.yjh.JHContactTrueTests;
				PRODUCT_NAME = "$(TARGET_NAME)";
				TARGETED_DEVICE_FAMILY = "1,2";
				TEST_HOST = "$(BUILT_PRODUCTS_DIR)/JHContactTrue.app/JHContactTrue";
			};
			name = Release;
		};
		7F9744C2239F42C20058D80A /* Debug */ = {
			isa = XCBuildConfiguration;
			buildSettings = {
				CODE_SIGN_STYLE = Automatic;
				INFOPLIST_FILE = JHContactTrueUITests/Info.plist;
				LD_RUNPATH_SEARCH_PATHS = (
					"$(inherited)",
					"@executable_path/Frameworks",
					"@loader_path/Frameworks",
				);
				PRODUCT_BUNDLE_IDENTIFIER = com.yjh.JHContactTrueUITests;
				PRODUCT_NAME = "$(TARGET_NAME)";
				TARGETED_DEVICE_FAMILY = "1,2";
				TEST_TARGET_NAME = JHContactTrue;
			};
			name = Debug;
		};
		7F9744C3239F42C20058D80A /* Release */ = {
			isa = XCBuildConfiguration;
			buildSettings = {
				CODE_SIGN_STYLE = Automatic;
				INFOPLIST_FILE = JHContactTrueUITests/Info.plist;
				LD_RUNPATH_SEARCH_PATHS = (
					"$(inherited)",
					"@executable_path/Frameworks",
					"@loader_path/Frameworks",
				);
				PRODUCT_BUNDLE_IDENTIFIER = com.yjh.JHContactTrueUITests;
				PRODUCT_NAME = "$(TARGET_NAME)";
				TARGETED_DEVICE_FAMILY = "1,2";
				TEST_TARGET_NAME = JHContactTrue;
			};
			name = Release;
		};
/* End XCBuildConfiguration section */

/* Begin XCConfigurationList section */
		7F974487239F42C00058D80A /* Build configuration list for PBXProject "JHContactTrue" */ = {
			isa = XCConfigurationList;
			buildConfigurations = (
				7F9744B9239F42C20058D80A /* Debug */,
				7F9744BA239F42C20058D80A /* Release */,
			);
			defaultConfigurationIsVisible = 0;
			defaultConfigurationName = Release;
		};
		7F9744BB239F42C20058D80A /* Build configuration list for PBXNativeTarget "JHContactTrue" */ = {
			isa = XCConfigurationList;
			buildConfigurations = (
				7F9744BC239F42C20058D80A /* Debug */,
				7F9744BD239F42C20058D80A /* Release */,
			);
			defaultConfigurationIsVisible = 0;
			defaultConfigurationName = Release;
		};
		7F9744BE239F42C20058D80A /* Build configuration list for PBXNativeTarget "JHContactTrueTests" */ = {
			isa = XCConfigurationList;
			buildConfigurations = (
				7F9744BF239F42C20058D80A /* Debug */,
				7F9744C0239F42C20058D80A /* Release */,
			);
			defaultConfigurationIsVisible = 0;
			defaultConfigurationName = Release;
		};
		7F9744C1239F42C20058D80A /* Build configuration list for PBXNativeTarget "JHContactTrueUITests" */ = {
			isa = XCConfigurationList;
			buildConfigurations = (
				7F9744C2239F42C20058D80A /* Debug */,
				7F9744C3239F42C20058D80A /* Release */,
			);
			defaultConfigurationIsVisible = 0;
			defaultConfigurationName = Release;
		};
/* End XCConfigurationList section */
	};
	rootObject = 7F974484239F42C00058D80A /* Project object */;
}
